
Microsoft Visual Studio Solution File, Format Version 12.00
# Visual Studio Version 17
VisualStudioVersion = 17.2.32505.173
MinimumVisualStudioVersion = 10.0.40219.1
Project("{9A19103F-16F7-4668-BE54-9A1E7A4F7556}") = "BookStoreClientWeb", "BookStoreClientWeb\BookStoreClientWeb.csproj", "{AFD9299C-FE21-47BD-8F96-DB87227DB286}"
EndProject
Project("{9A19103F-16F7-4668-BE54-9A1E7A4F7556}") = "BookStore.DataAccess", "BookStore.DataAccess\BookStore.DataAccess.csproj", "{D9450442-D465-49F8-878C-9E029372F3AE}"
EndProject
Project("{9A19103F-16F7-4668-BE54-9A1E7A4F7556}") = "BookStore.Models", "BookStore.Models\BookStore.Models.csproj", "{151FAE0C-0639-41BD-B7B7-22232C8ADB98}"
EndProject
Project("{9A19103F-16F7-4668-BE54-9A1E7A4F7556}") = "BookStore.Unitily", "BookStore.Unitily\BookStore.Unitily.csproj", "{2FD0FD9E-B902-4657-979D-8CAEDA5D91DA}"
EndProject
Project("{FAE04EC0-301F-11D3-BF4B-00C04F79EFBC}") = "BookStoreApi", "BookStoreApi\BookStoreApi.csproj", "{6A731548-A18A-464B-B845-85FDF1730F73}"
EndProject
Global
	GlobalSection(SolutionConfigurationPlatforms) = preSolution
		Debug|Any CPU = Debug|Any CPU
		Release|Any CPU = Release|Any CPU
	EndGlobalSection
	GlobalSection(ProjectConfigurationPlatforms) = postSolution
		{AFD9299C-FE21-47BD-8F96-DB87227DB286}.Debug|Any CPU.ActiveCfg = Debug|Any CPU
		{AFD9299C-FE21-47BD-8F96-DB87227DB286}.Debug|Any CPU.Build.0 = Debug|Any CPU
		{AFD9299C-FE21-47BD-8F96-DB87227DB286}.Release|Any CPU.ActiveCfg = Release|Any CPU
		{AFD9299C-FE21-47BD-8F96-DB87227DB286}.Release|Any CPU.Build.0 = Release|Any CPU
		{D9450442-D465-49F8-878C-9E029372F3AE}.Debug|Any CPU.ActiveCfg = Debug|Any CPU
		{D9450442-D465-49F8-878C-9E029372F3AE}.Debug|Any CPU.Build.0 = Debug|Any CPU
		{D9450442-D465-49F8-878C-9E029372F3AE}.Release|Any CPU.ActiveCfg = Release|Any CPU
		{D9450442-D465-49F8-878C-9E029372F3AE}.Release|Any CPU.Build.0 = Release|Any CPU
		{151FAE0C-0639-41BD-B7B7-22232C8ADB98}.Debug|Any CPU.ActiveCfg = Debug|Any CPU
		{151FAE0C-0639-41BD-B7B7-22232C8ADB98}.Debug|Any CPU.Build.0 = Debug|Any CPU
		{151FAE0C-0639-41BD-B7B7-22232C8ADB98}.Release|Any CPU.ActiveCfg = Release|Any CPU
		{151FAE0C-0639-41BD-B7B7-22232C8ADB98}.Release|Any CPU.Build.0 = Release|Any CPU
		{2FD0FD9E-B902-4657-979D-8CAEDA5D91DA}.Debug|Any CPU.ActiveCfg = Debug|Any CPU
		{2FD0FD9E-B902-4657-979D-8CAEDA5D91DA}.Debug|Any CPU.Build.0 = Debug|Any CPU
		{2FD0FD9E-B902-4657-979D-8CAEDA5D91DA}.Release|Any CPU.ActiveCfg = Release|Any CPU
		{2FD0FD9E-B902-4657-979D-8CAEDA5D91DA}.Release|Any CPU.Build.0 = Release|Any CPU
		{6A731548-A18A-464B-B845-85FDF1730F73}.Debug|Any CPU.ActiveCfg = Debug|Any CPU
		{6A731548-A18A-464B-B845-85FDF1730F73}.Debug|Any CPU.Build.0 = Debug|Any CPU
		{6A731548-A18A-464B-B845-85FDF1730F73}.Release|Any CPU.ActiveCfg = Release|Any CPU
		{6A731548-A18A-464B-B845-85FDF1730F73}.Release|Any CPU.Build.0 = Release|Any CPU
	EndGlobalSection
	GlobalSection(SolutionProperties) = preSolution
		HideSolutionNode = FALSE
	EndGlobalSection
	GlobalSection(ExtensibilityGlobals) = postSolution
		SolutionGuid = {0792F1F7-3F42-4941-B39B-16A77F307EAA}
	EndGlobalSection
EndGlobal
